// !$*UTF8*$!
{
	archiveVersion = 1;
	classes = {
	};
	objectVersion = 51;
	objects = {

/* Begin PBXBuildFile section */
		850128381EC8BBDF01AA837E /* Pods_SightCallAgent.framework in Frameworks */ = {isa = PBXBuildFile; fileRef = A62E9C6B026BE9C929DA051D /* Pods_SightCallAgent.framework */; };
		9661BF2D2631F3AA004F69C6 /* AppDelegate.swift in Sources */ = {isa = PBXBuildFile; fileRef = 9661BF2C2631F3AA004F69C6 /* AppDelegate.swift */; };
		9661BF2F2631F3AA004F69C6 /* SceneDelegate.swift in Sources */ = {isa = PBXBuildFile; fileRef = 9661BF2E2631F3AA004F69C6 /* SceneDelegate.swift */; };
		9661BF312631F3AA004F69C6 /* ViewController.swift in Sources */ = {isa = PBXBuildFile; fileRef = 9661BF302631F3AA004F69C6 /* ViewController.swift */; };
		9661BF342631F3AA004F69C6 /* Main_org.storyboard in Resources */ = {isa = PBXBuildFile; fileRef = 9661BF322631F3AA004F69C6 /* Main_org.storyboard */; };
		9661BF362631F3AD004F69C6 /* Assets.xcassets in Resources */ = {isa = PBXBuildFile; fileRef = 9661BF352631F3AD004F69C6 /* Assets.xcassets */; };
		9661BF442631F3AD004F69C6 /* SightCallAgentTests.swift in Sources */ = {isa = PBXBuildFile; fileRef = 9661BF432631F3AD004F69C6 /* SightCallAgentTests.swift */; };
		9661BF4F2631F3AD004F69C6 /* SightCallAgentUITests.swift in Sources */ = {isa = PBXBuildFile; fileRef = 9661BF4E2631F3AD004F69C6 /* SightCallAgentUITests.swift */; };
		966453D7263C3BDA00A084AC /* SCFoundation.swift in Sources */ = {isa = PBXBuildFile; fileRef = 966453D6263C3BDA00A084AC /* SCFoundation.swift */; };
		96DDF3C92655C3310011445D /* AutoTimer.swift in Sources */ = {isa = PBXBuildFile; fileRef = 96DDF3C42655C3310011445D /* AutoTimer.swift */; };
		96DDF3CA2655C3310011445D /* LSFoundationExtensions.swift in Sources */ = {isa = PBXBuildFile; fileRef = 96DDF3C52655C3310011445D /* LSFoundationExtensions.swift */; };
		96DDF3CB2655C3310011445D /* LSUniversalExtensions.swift in Sources */ = {isa = PBXBuildFile; fileRef = 96DDF3C62655C3310011445D /* LSUniversalExtensions.swift */; };
		96DDF3CC2655C3310011445D /* SightCallSDK.swift in Sources */ = {isa = PBXBuildFile; fileRef = 96DDF3C72655C3310011445D /* SightCallSDK.swift */; };
		96DDF3CD2655C3310011445D /* UIKitExtensions.swift in Sources */ = {isa = PBXBuildFile; fileRef = 96DDF3C82655C3310011445D /* UIKitExtensions.swift */; };
		96DDF3CF2655E7FE0011445D /* Main.storyboard in Resources */ = {isa = PBXBuildFile; fileRef = 96DDF3CE2655E7FE0011445D /* Main.storyboard */; };
		96DDF3D12655E8680011445D /* LaunchScreen.storyboard in Resources */ = {isa = PBXBuildFile; fileRef = 96DDF3D02655E8680011445D /* LaunchScreen.storyboard */; };
/* End PBXBuildFile section */

/* Begin PBXContainerItemProxy section */
		9661BF402631F3AD004F69C6 /* PBXContainerItemProxy */ = {
			isa = PBXContainerItemProxy;
			containerPortal = 9661BF212631F3AA004F69C6 /* Project object */;
			proxyType = 1;
			remoteGlobalIDString = 9661BF282631F3AA004F69C6;
			remoteInfo = SightCallAgent;
		};
		9661BF4B2631F3AD004F69C6 /* PBXContainerItemProxy */ = {
			isa = PBXContainerItemProxy;
			containerPortal = 9661BF212631F3AA004F69C6 /* Project object */;
			proxyType = 1;
			remoteGlobalIDString = 9661BF282631F3AA004F69C6;
			remoteInfo = SightCallAgent;
		};
/* End PBXContainerItemProxy section */

/* Begin PBXFileReference section */
		11A760E15081A356E89A8607 /* Pods-SightCallAgent.debug.xcconfig */ = {isa = PBXFileReference; includeInIndex = 1; lastKnownFileType = text.xcconfig; name = "Pods-SightCallAgent.debug.xcconfig"; path = "Target Support Files/Pods-SightCallAgent/Pods-SightCallAgent.debug.xcconfig"; sourceTree = "<group>"; };
		9661BF292631F3AA004F69C6 /* SightCallAgent.app */ = {isa = PBXFileReference; explicitFileType = wrapper.application; includeInIndex = 0; path = SightCallAgent.app; sourceTree = BUILT_PRODUCTS_DIR; };
		9661BF2C2631F3AA004F69C6 /* AppDelegate.swift */ = {isa = PBXFileReference; lastKnownFileType = sourcecode.swift; path = AppDelegate.swift; sourceTree = "<group>"; };
		9661BF2E2631F3AA004F69C6 /* SceneDelegate.swift */ = {isa = PBXFileReference; lastKnownFileType = sourcecode.swift; path = SceneDelegate.swift; sourceTree = "<group>"; };
		9661BF302631F3AA004F69C6 /* ViewController.swift */ = {isa = PBXFileReference; lastKnownFileType = sourcecode.swift; path = ViewController.swift; sourceTree = "<group>"; };
		9661BF332631F3AA004F69C6 /* Base */ = {isa = PBXFileReference; lastKnownFileType = file.storyboard; name = Base; path = Base.lproj/Main_org.storyboard; sourceTree = "<group>"; };
		9661BF352631F3AD004F69C6 /* Assets.xcassets */ = {isa = PBXFileReference; lastKnownFileType = folder.assetcatalog; path = Assets.xcassets; sourceTree = "<group>"; };
		9661BF3A2631F3AD004F69C6 /* Info.plist */ = {isa = PBXFileReference; lastKnownFileType = text.plist.xml; path = Info.plist; sourceTree = "<group>"; };
		9661BF3F2631F3AD004F69C6 /* SightCallAgentTests.xctest */ = {isa = PBXFileReference; explicitFileType = wrapper.cfbundle; includeInIndex = 0; path = SightCallAgentTests.xctest; sourceTree = BUILT_PRODUCTS_DIR; };
		9661BF432631F3AD004F69C6 /* SightCallAgentTests.swift */ = {isa = PBXFileReference; lastKnownFileType = sourcecode.swift; path = SightCallAgentTests.swift; sourceTree = "<group>"; };
		9661BF452631F3AD004F69C6 /* Info.plist */ = {isa = PBXFileReference; lastKnownFileType = text.plist.xml; path = Info.plist; sourceTree = "<group>"; };
		9661BF4A2631F3AD004F69C6 /* SightCallAgentUITests.xctest */ = {isa = PBXFileReference; explicitFileType = wrapper.cfbundle; includeInIndex = 0; path = SightCallAgentUITests.xctest; sourceTree = BUILT_PRODUCTS_DIR; };
		9661BF4E2631F3AD004F69C6 /* SightCallAgentUITests.swift */ = {isa = PBXFileReference; lastKnownFileType = sourcecode.swift; path = SightCallAgentUITests.swift; sourceTree = "<group>"; };
		9661BF502631F3AD004F69C6 /* Info.plist */ = {isa = PBXFileReference; lastKnownFileType = text.plist.xml; path = Info.plist; sourceTree = "<group>"; };
		966453D6263C3BDA00A084AC /* SCFoundation.swift */ = {isa = PBXFileReference; lastKnownFileType = sourcecode.swift; path = SCFoundation.swift; sourceTree = "<group>"; };
		96DDF3C42655C3310011445D /* AutoTimer.swift */ = {isa = PBXFileReference; fileEncoding = 4; lastKnownFileType = sourcecode.swift; path = AutoTimer.swift; sourceTree = "<group>"; };
		96DDF3C52655C3310011445D /* LSFoundationExtensions.swift */ = {isa = PBXFileReference; fileEncoding = 4; lastKnownFileType = sourcecode.swift; path = LSFoundationExtensions.swift; sourceTree = "<group>"; };
		96DDF3C62655C3310011445D /* LSUniversalExtensions.swift */ = {isa = PBXFileReference; fileEncoding = 4; lastKnownFileType = sourcecode.swift; path = LSUniversalExtensions.swift; sourceTree = "<group>"; };
		96DDF3C72655C3310011445D /* SightCallSDK.swift */ = {isa = PBXFileReference; fileEncoding = 4; lastKnownFileType = sourcecode.swift; path = SightCallSDK.swift; sourceTree = "<group>"; };
		96DDF3C82655C3310011445D /* UIKitExtensions.swift */ = {isa = PBXFileReference; fileEncoding = 4; lastKnownFileType = sourcecode.swift; path = UIKitExtensions.swift; sourceTree = "<group>"; };
		96DDF3CE2655E7FE0011445D /* Main.storyboard */ = {isa = PBXFileReference; fileEncoding = 4; lastKnownFileType = file.storyboard; path = Main.storyboard; sourceTree = "<group>"; };
		96DDF3D02655E8680011445D /* LaunchScreen.storyboard */ = {isa = PBXFileReference; fileEncoding = 4; lastKnownFileType = file.storyboard; path = LaunchScreen.storyboard; sourceTree = "<group>"; };
		A62E9C6B026BE9C929DA051D /* Pods_SightCallAgent.framework */ = {isa = PBXFileReference; explicitFileType = wrapper.framework; includeInIndex = 0; path = Pods_SightCallAgent.framework; sourceTree = BUILT_PRODUCTS_DIR; };
		D719725BAFFF9AB087923A68 /* Pods-SightCallAgent.release.xcconfig */ = {isa = PBXFileReference; includeInIndex = 1; lastKnownFileType = text.xcconfig; name = "Pods-SightCallAgent.release.xcconfig"; path = "Target Support Files/Pods-SightCallAgent/Pods-SightCallAgent.release.xcconfig"; sourceTree = "<group>"; };
/* End PBXFileReference section */

/* Begin PBXFrameworksBuildPhase section */
		9661BF262631F3AA004F69C6 /* Frameworks */ = {
			isa = PBXFrameworksBuildPhase;
			buildActionMask = 2147483647;
			files = (
				850128381EC8BBDF01AA837E /* Pods_SightCallAgent.framework in Frameworks */,
			);
			runOnlyForDeploymentPostprocessing = 0;
		};
		9661BF3C2631F3AD004F69C6 /* Frameworks */ = {
			isa = PBXFrameworksBuildPhase;
			buildActionMask = 2147483647;
			files = (
			);
			runOnlyForDeploymentPostprocessing = 0;
		};
		9661BF472631F3AD004F69C6 /* Frameworks */ = {
			isa = PBXFrameworksBuildPhase;
			buildActionMask = 2147483647;
			files = (
			);
			runOnlyForDeploymentPostprocessing = 0;
		};
/* End PBXFrameworksBuildPhase section */

/* Begin PBXGroup section */
		6D2B7D61F57E2FC99BD033A0 /* Pods */ = {
			isa = PBXGroup;
			children = (
				11A760E15081A356E89A8607 /* Pods-SightCallAgent.debug.xcconfig */,
				D719725BAFFF9AB087923A68 /* Pods-SightCallAgent.release.xcconfig */,
			);
			path = Pods;
			sourceTree = "<group>";
		};
		9661BF202631F3AA004F69C6 = {
			isa = PBXGroup;
			children = (
				9661BF2B2631F3AA004F69C6 /* SightCallAgent */,
				96DDF3C32655C3310011445D /* SightCallSDK */,
				9661BF422631F3AD004F69C6 /* SightCallAgentTests */,
				9661BF4D2631F3AD004F69C6 /* SightCallAgentUITests */,
				9661BF2A2631F3AA004F69C6 /* Products */,
				6D2B7D61F57E2FC99BD033A0 /* Pods */,
				F592C2568D38ABD51B9D58E9 /* Frameworks */,
			);
			sourceTree = "<group>";
		};
		9661BF2A2631F3AA004F69C6 /* Products */ = {
			isa = PBXGroup;
			children = (
				9661BF292631F3AA004F69C6 /* SightCallAgent.app */,
				9661BF3F2631F3AD004F69C6 /* SightCallAgentTests.xctest */,
				9661BF4A2631F3AD004F69C6 /* SightCallAgentUITests.xctest */,
			);
			name = Products;
			sourceTree = "<group>";
		};
		9661BF2B2631F3AA004F69C6 /* SightCallAgent */ = {
			isa = PBXGroup;
			children = (
				9661BF2C2631F3AA004F69C6 /* AppDelegate.swift */,
				9661BF2E2631F3AA004F69C6 /* SceneDelegate.swift */,
				9661BF302631F3AA004F69C6 /* ViewController.swift */,
				9661BF322631F3AA004F69C6 /* Main_org.storyboard */,
				96DDF3D02655E8680011445D /* LaunchScreen.storyboard */,
				96DDF3CE2655E7FE0011445D /* Main.storyboard */,
				9661BF352631F3AD004F69C6 /* Assets.xcassets */,
				9661BF3A2631F3AD004F69C6 /* Info.plist */,
				966453D6263C3BDA00A084AC /* SCFoundation.swift */,
			);
			path = SightCallAgent;
			sourceTree = "<group>";
		};
		9661BF422631F3AD004F69C6 /* SightCallAgentTests */ = {
			isa = PBXGroup;
			children = (
				9661BF432631F3AD004F69C6 /* SightCallAgentTests.swift */,
				9661BF452631F3AD004F69C6 /* Info.plist */,
			);
			path = SightCallAgentTests;
			sourceTree = "<group>";
		};
		9661BF4D2631F3AD004F69C6 /* SightCallAgentUITests */ = {
			isa = PBXGroup;
			children = (
				9661BF4E2631F3AD004F69C6 /* SightCallAgentUITests.swift */,
				9661BF502631F3AD004F69C6 /* Info.plist */,
			);
			path = SightCallAgentUITests;
			sourceTree = "<group>";
		};
		96DDF3C32655C3310011445D /* SightCallSDK */ = {
			isa = PBXGroup;
			children = (
				96DDF3C42655C3310011445D /* AutoTimer.swift */,
				96DDF3C52655C3310011445D /* LSFoundationExtensions.swift */,
				96DDF3C62655C3310011445D /* LSUniversalExtensions.swift */,
				96DDF3C72655C3310011445D /* SightCallSDK.swift */,
				96DDF3C82655C3310011445D /* UIKitExtensions.swift */,
			);
			path = SightCallSDK;
			sourceTree = "<group>";
		};
		F592C2568D38ABD51B9D58E9 /* Frameworks */ = {
			isa = PBXGroup;
			children = (
				A62E9C6B026BE9C929DA051D /* Pods_SightCallAgent.framework */,
			);
			name = Frameworks;
			sourceTree = "<group>";
		};
/* End PBXGroup section */

/* Begin PBXNativeTarget section */
		9661BF282631F3AA004F69C6 /* SightCallAgent */ = {
			isa = PBXNativeTarget;
			buildConfigurationList = 9661BF532631F3AD004F69C6 /* Build configuration list for PBXNativeTarget "SightCallAgent" */;
			buildPhases = (
				9BB05B3554BFB9D8676D88E2 /* [CP] Check Pods Manifest.lock */,
				9661BF252631F3AA004F69C6 /* Sources */,
				9661BF262631F3AA004F69C6 /* Frameworks */,
				9661BF272631F3AA004F69C6 /* Resources */,
				3C37AD86F5A3957BA34938BB /* [CP] Embed Pods Frameworks */,
			);
			buildRules = (
			);
			dependencies = (
			);
			name = SightCallAgent;
			productName = SightCallAgent;
			productReference = 9661BF292631F3AA004F69C6 /* SightCallAgent.app */;
			productType = "com.apple.product-type.application";
		};
		9661BF3E2631F3AD004F69C6 /* SightCallAgentTests */ = {
			isa = PBXNativeTarget;
			buildConfigurationList = 9661BF562631F3AD004F69C6 /* Build configuration list for PBXNativeTarget "SightCallAgentTests" */;
			buildPhases = (
				9661BF3B2631F3AD004F69C6 /* Sources */,
				9661BF3C2631F3AD004F69C6 /* Frameworks */,
				9661BF3D2631F3AD004F69C6 /* Resources */,
			);
			buildRules = (
			);
			dependencies = (
				9661BF412631F3AD004F69C6 /* PBXTargetDependency */,
			);
			name = SightCallAgentTests;
			productName = SightCallAgentTests;
			productReference = 9661BF3F2631F3AD004F69C6 /* SightCallAgentTests.xctest */;
			productType = "com.apple.product-type.bundle.unit-test";
		};
		9661BF492631F3AD004F69C6 /* SightCallAgentUITests */ = {
			isa = PBXNativeTarget;
			buildConfigurationList = 9661BF592631F3AD004F69C6 /* Build configuration list for PBXNativeTarget "SightCallAgentUITests" */;
			buildPhases = (
				9661BF462631F3AD004F69C6 /* Sources */,
				9661BF472631F3AD004F69C6 /* Frameworks */,
				9661BF482631F3AD004F69C6 /* Resources */,
			);
			buildRules = (
			);
			dependencies = (
				9661BF4C2631F3AD004F69C6 /* PBXTargetDependency */,
			);
			name = SightCallAgentUITests;
			productName = SightCallAgentUITests;
			productReference = 9661BF4A2631F3AD004F69C6 /* SightCallAgentUITests.xctest */;
			productType = "com.apple.product-type.bundle.ui-testing";
		};
/* End PBXNativeTarget section */

/* Begin PBXProject section */
		9661BF212631F3AA004F69C6 /* Project object */ = {
			isa = PBXProject;
			attributes = {
				LastSwiftUpdateCheck = 1250;
				LastUpgradeCheck = 1250;
				TargetAttributes = {
					9661BF282631F3AA004F69C6 = {
						CreatedOnToolsVersion = 12.5;
					};
					9661BF3E2631F3AD004F69C6 = {
						CreatedOnToolsVersion = 12.5;
						TestTargetID = 9661BF282631F3AA004F69C6;
					};
					9661BF492631F3AD004F69C6 = {
						CreatedOnToolsVersion = 12.5;
						TestTargetID = 9661BF282631F3AA004F69C6;
					};
				};
			};
			buildConfigurationList = 9661BF242631F3AA004F69C6 /* Build configuration list for PBXProject "SightCallAgent" */;
			compatibilityVersion = "Xcode 9.3";
			developmentRegion = en;
			hasScannedForEncodings = 0;
			knownRegions = (
				en,
				Base,
			);
			mainGroup = 9661BF202631F3AA004F69C6;
			productRefGroup = 9661BF2A2631F3AA004F69C6 /* Products */;
			projectDirPath = "";
			projectRoot = "";
			targets = (
				9661BF282631F3AA004F69C6 /* SightCallAgent */,
				9661BF3E2631F3AD004F69C6 /* SightCallAgentTests */,
				9661BF492631F3AD004F69C6 /* SightCallAgentUITests */,
			);
		};
/* End PBXProject section */

/* Begin PBXResourcesBuildPhase section */
		9661BF272631F3AA004F69C6 /* Resources */ = {
			isa = PBXResourcesBuildPhase;
			buildActionMask = 2147483647;
			files = (
				9661BF362631F3AD004F69C6 /* Assets.xcassets in Resources */,
				96DDF3D12655E8680011445D /* LaunchScreen.storyboard in Resources */,
				9661BF342631F3AA004F69C6 /* Main_org.storyboard in Resources */,
				96DDF3CF2655E7FE0011445D /* Main.storyboard in Resources */,
			);
			runOnlyForDeploymentPostprocessing = 0;
		};
		9661BF3D2631F3AD004F69C6 /* Resources */ = {
			isa = PBXResourcesBuildPhase;
			buildActionMask = 2147483647;
			files = (
			);
			runOnlyForDeploymentPostprocessing = 0;
		};
		9661BF482631F3AD004F69C6 /* Resources */ = {
			isa = PBXResourcesBuildPhase;
			buildActionMask = 2147483647;
			files = (
			);
			runOnlyForDeploymentPostprocessing = 0;
		};
/* End PBXResourcesBuildPhase section */

/* Begin PBXShellScriptBuildPhase section */
		3C37AD86F5A3957BA34938BB /* [CP] Embed Pods Frameworks */ = {
			isa = PBXShellScriptBuildPhase;
			buildActionMask = 2147483647;
			files = (
			);
			inputFileListPaths = (
				"${PODS_ROOT}/Target Support Files/Pods-SightCallAgent/Pods-SightCallAgent-frameworks-${CONFIGURATION}-input-files.xcfilelist",
			);
			name = "[CP] Embed Pods Frameworks";
			outputFileListPaths = (
				"${PODS_ROOT}/Target Support Files/Pods-SightCallAgent/Pods-SightCallAgent-frameworks-${CONFIGURATION}-output-files.xcfilelist",
			);
			runOnlyForDeploymentPostprocessing = 0;
			shellPath = /bin/sh;
			shellScript = "\"${PODS_ROOT}/Target Support Files/Pods-SightCallAgent/Pods-SightCallAgent-frameworks.sh\"\n";
			showEnvVarsInLog = 0;
		};
		9BB05B3554BFB9D8676D88E2 /* [CP] Check Pods Manifest.lock */ = {
			isa = PBXShellScriptBuildPhase;
			buildActionMask = 2147483647;
			files = (
			);
			inputFileListPaths = (
			);
			inputPaths = (
				"${PODS_PODFILE_DIR_PATH}/Podfile.lock",
				"${PODS_ROOT}/Manifest.lock",
			);
			name = "[CP] Check Pods Manifest.lock";
			outputFileListPaths = (
			);
			outputPaths = (
				"$(DERIVED_FILE_DIR)/Pods-SightCallAgent-checkManifestLockResult.txt",
			);
			runOnlyForDeploymentPostprocessing = 0;
			shellPath = /bin/sh;
			shellScript = "diff \"${PODS_PODFILE_DIR_PATH}/Podfile.lock\" \"${PODS_ROOT}/Manifest.lock\" > /dev/null\nif [ $? != 0 ] ; then\n    # print error to STDERR\n    echo \"error: The sandbox is not in sync with the Podfile.lock. Run 'pod install' or update your CocoaPods installation.\" >&2\n    exit 1\nfi\n# This output is used by Xcode 'outputs' to avoid re-running this script phase.\necho \"SUCCESS\" > \"${SCRIPT_OUTPUT_FILE_0}\"\n";
			showEnvVarsInLog = 0;
		};
/* End PBXShellScriptBuildPhase section */

/* Begin PBXSourcesBuildPhase section */
		9661BF252631F3AA004F69C6 /* Sources */ = {
			isa = PBXSourcesBuildPhase;
			buildActionMask = 2147483647;
			files = (
				96DDF3CB2655C3310011445D /* LSUniversalExtensions.swift in Sources */,
				9661BF312631F3AA004F69C6 /* ViewController.swift in Sources */,
				96DDF3CD2655C3310011445D /* UIKitExtensions.swift in Sources */,
				96DDF3CC2655C3310011445D /* SightCallSDK.swift in Sources */,
				96DDF3CA2655C3310011445D /* LSFoundationExtensions.swift in Sources */,
				9661BF2D2631F3AA004F69C6 /* AppDelegate.swift in Sources */,
				96DDF3C92655C3310011445D /* AutoTimer.swift in Sources */,
				966453D7263C3BDA00A084AC /* SCFoundation.swift in Sources */,
				9661BF2F2631F3AA004F69C6 /* SceneDelegate.swift in Sources */,
			);
			runOnlyForDeploymentPostprocessing = 0;
		};
		9661BF3B2631F3AD004F69C6 /* Sources */ = {
			isa = PBXSourcesBuildPhase;
			buildActionMask = 2147483647;
			files = (
				9661BF442631F3AD004F69C6 /* SightCallAgentTests.swift in Sources */,
			);
			runOnlyForDeploymentPostprocessing = 0;
		};
		9661BF462631F3AD004F69C6 /* Sources */ = {
			isa = PBXSourcesBuildPhase;
			buildActionMask = 2147483647;
			files = (
				9661BF4F2631F3AD004F69C6 /* SightCallAgentUITests.swift in Sources */,
			);
			runOnlyForDeploymentPostprocessing = 0;
		};
/* End PBXSourcesBuildPhase section */

/* Begin PBXTargetDependency section */
		9661BF412631F3AD004F69C6 /* PBXTargetDependency */ = {
			isa = PBXTargetDependency;
			target = 9661BF282631F3AA004F69C6 /* SightCallAgent */;
			targetProxy = 9661BF402631F3AD004F69C6 /* PBXContainerItemProxy */;
		};
		9661BF4C2631F3AD004F69C6 /* PBXTargetDependency */ = {
			isa = PBXTargetDependency;
			target = 9661BF282631F3AA004F69C6 /* SightCallAgent */;
			targetProxy = 9661BF4B2631F3AD004F69C6 /* PBXContainerItemProxy */;
		};
/* End PBXTargetDependency section */

/* Begin PBXVariantGroup section */
		9661BF322631F3AA004F69C6 /* Main_org.storyboard */ = {
			isa = PBXVariantGroup;
			children = (
				9661BF332631F3AA004F69C6 /* Base */,
			);
			name = Main_org.storyboard;
			sourceTree = "<group>";
		};
/* End PBXVariantGroup section */

/* Begin XCBuildConfiguration section */
		9661BF512631F3AD004F69C6 /* Debug */ = {
			isa = XCBuildConfiguration;
			buildSettings = {
				ALWAYS_SEARCH_USER_PATHS = NO;
				CLANG_ANALYZER_NONNULL = YES;
				CLANG_ANALYZER_NUMBER_OBJECT_CONVERSION = YES_AGGRESSIVE;
				CLANG_CXX_LANGUAGE_STANDARD = "gnu++14";
				CLANG_CXX_LIBRARY = "libc++";
				CLANG_ENABLE_MODULES = YES;
				CLANG_ENABLE_OBJC_ARC = YES;
				CLANG_ENABLE_OBJC_WEAK = YES;
				CLANG_WARN_BLOCK_CAPTURE_AUTORELEASING = YES;
				CLANG_WARN_BOOL_CONVERSION = YES;
				CLANG_WARN_COMMA = YES;
				CLANG_WARN_CONSTANT_CONVERSION = YES;
				CLANG_WARN_DEPRECATED_OBJC_IMPLEMENTATIONS = YES;
				CLANG_WARN_DIRECT_OBJC_ISA_USAGE = YES_ERROR;
				CLANG_WARN_DOCUMENTATION_COMMENTS = YES;
				CLANG_WARN_EMPTY_BODY = YES;
				CLANG_WARN_ENUM_CONVERSION = YES;
				CLANG_WARN_INFINITE_RECURSION = YES;
				CLANG_WARN_INT_CONVERSION = YES;
				CLANG_WARN_NON_LITERAL_NULL_CONVERSION = YES;
				CLANG_WARN_OBJC_IMPLICIT_RETAIN_SELF = YES;
				CLANG_WARN_OBJC_LITERAL_CONVERSION = YES;
				CLANG_WARN_OBJC_ROOT_CLASS = YES_ERROR;
				CLANG_WARN_QUOTED_INCLUDE_IN_FRAMEWORK_HEADER = YES;
				CLANG_WARN_RANGE_LOOP_ANALYSIS = YES;
				CLANG_WARN_STRICT_PROTOTYPES = YES;
				CLANG_WARN_SUSPICIOUS_MOVE = YES;
				CLANG_WARN_UNGUARDED_AVAILABILITY = YES_AGGRESSIVE;
				CLANG_WARN_UNREACHABLE_CODE = YES;
				CLANG_WARN__DUPLICATE_METHOD_MATCH = YES;
				COPY_PHASE_STRIP = NO;
				DEBUG_INFORMATION_FORMAT = dwarf;
				ENABLE_STRICT_OBJC_MSGSEND = YES;
				ENABLE_TESTABILITY = YES;
				GCC_C_LANGUAGE_STANDARD = gnu11;
				GCC_DYNAMIC_NO_PIC = NO;
				GCC_NO_COMMON_BLOCKS = YES;
				GCC_OPTIMIZATION_LEVEL = 0;
				GCC_PREPROCESSOR_DEFINITIONS = (
					"DEBUG=1",
					"$(inherited)",
				);
				GCC_WARN_64_TO_32_BIT_CONVERSION = YES;
				GCC_WARN_ABOUT_RETURN_TYPE = YES_ERROR;
				GCC_WARN_UNDECLARED_SELECTOR = YES;
				GCC_WARN_UNINITIALIZED_AUTOS = YES_AGGRESSIVE;
				GCC_WARN_UNUSED_FUNCTION = YES;
				GCC_WARN_UNUSED_VARIABLE = YES;
				IPHONEOS_DEPLOYMENT_TARGET = 14.5;
				MTL_ENABLE_DEBUG_INFO = INCLUDE_SOURCE;
				MTL_FAST_MATH = YES;
				ONLY_ACTIVE_ARCH = YES;
				SDKROOT = iphoneos;
				SWIFT_ACTIVE_COMPILATION_CONDITIONS = DEBUG;
				SWIFT_OPTIMIZATION_LEVEL = "-Onone";
			};
			name = Debug;
		};
		9661BF522631F3AD004F69C6 /* Release */ = {
			isa = XCBuildConfiguration;
			buildSettings = {
				ALWAYS_SEARCH_USER_PATHS = NO;
				CLANG_ANALYZER_NONNULL = YES;
				CLANG_ANALYZER_NUMBER_OBJECT_CONVERSION = YES_AGGRESSIVE;
				CLANG_CXX_LANGUAGE_STANDARD = "gnu++14";
				CLANG_CXX_LIBRARY = "libc++";
				CLANG_ENABLE_MODULES = YES;
				CLANG_ENABLE_OBJC_ARC = YES;
				CLANG_ENABLE_OBJC_WEAK = YES;
				CLANG_WARN_BLOCK_CAPTURE_AUTORELEASING = YES;
				CLANG_WARN_BOOL_CONVERSION = YES;
				CLANG_WARN_COMMA = YES;
				CLANG_WARN_CONSTANT_CONVERSION = YES;
				CLANG_WARN_DEPRECATED_OBJC_IMPLEMENTATIONS = YES;
				CLANG_WARN_DIRECT_OBJC_ISA_USAGE = YES_ERROR;
				CLANG_WARN_DOCUMENTATION_COMMENTS = YES;
				CLANG_WARN_EMPTY_BODY = YES;
				CLANG_WARN_ENUM_CONVERSION = YES;
				CLANG_WARN_INFINITE_RECURSION = YES;
				CLANG_WARN_INT_CONVERSION = YES;
				CLANG_WARN_NON_LITERAL_NULL_CONVERSION = YES;
				CLANG_WARN_OBJC_IMPLICIT_RETAIN_SELF = YES;
				CLANG_WARN_OBJC_LITERAL_CONVERSION = YES;
				CLANG_WARN_OBJC_ROOT_CLASS = YES_ERROR;
				CLANG_WARN_QUOTED_INCLUDE_IN_FRAMEWORK_HEADER = YES;
				CLANG_WARN_RANGE_LOOP_ANALYSIS = YES;
				CLANG_WARN_STRICT_PROTOTYPES = YES;
				CLANG_WARN_SUSPICIOUS_MOVE = YES;
				CLANG_WARN_UNGUARDED_AVAILABILITY = YES_AGGRESSIVE;
				CLANG_WARN_UNREACHABLE_CODE = YES;
				CLANG_WARN__DUPLICATE_METHOD_MATCH = YES;
				COPY_PHASE_STRIP = NO;
				DEBUG_INFORMATION_FORMAT = "dwarf-with-dsym";
				ENABLE_NS_ASSERTIONS = NO;
				ENABLE_STRICT_OBJC_MSGSEND = YES;
				GCC_C_LANGUAGE_STANDARD = gnu11;
				GCC_NO_COMMON_BLOCKS = YES;
				GCC_WARN_64_TO_32_BIT_CONVERSION = YES;
				GCC_WARN_ABOUT_RETURN_TYPE = YES_ERROR;
				GCC_WARN_UNDECLARED_SELECTOR = YES;
				GCC_WARN_UNINITIALIZED_AUTOS = YES_AGGRESSIVE;
				GCC_WARN_UNUSED_FUNCTION = YES;
				GCC_WARN_UNUSED_VARIABLE = YES;
				IPHONEOS_DEPLOYMENT_TARGET = 14.5;
				MTL_ENABLE_DEBUG_INFO = NO;
				MTL_FAST_MATH = YES;
				SDKROOT = iphoneos;
				SWIFT_COMPILATION_MODE = wholemodule;
				SWIFT_OPTIMIZATION_LEVEL = "-O";
				VALIDATE_PRODUCT = YES;
			};
			name = Release;
		};
		9661BF542631F3AD004F69C6 /* Debug */ = {
			isa = XCBuildConfiguration;
			baseConfigurationReference = 11A760E15081A356E89A8607 /* Pods-SightCallAgent.debug.xcconfig */;
			buildSettings = {
				ASSETCATALOG_COMPILER_APPICON_NAME = AppIconBeta;
				ASSETCATALOG_COMPILER_GLOBAL_ACCENT_COLOR_NAME = AccentColor;
				CODE_SIGN_ENTITLEMENTS = SightCallAgent/SightCallAgent.entitlements;
				CODE_SIGN_STYLE = Automatic;
				DEVELOPMENT_TEAM = WDH9UWSA4G;
				INFOPLIST_FILE = SightCallAgent/Info.plist;
				LD_RUNPATH_SEARCH_PATHS = (
					"$(inherited)",
					"@executable_path/Frameworks",
				);
				PRODUCT_BUNDLE_IDENTIFIER = com.sightcall.ios.SightCallAgent;
				PRODUCT_NAME = "$(TARGET_NAME)";
				SWIFT_VERSION = 5.0;
				TARGETED_DEVICE_FAMILY = "1,2";
			};
			name = Debug;
		};
		9661BF552631F3AD004F69C6 /* Release */ = {
			isa = XCBuildConfiguration;
			baseConfigurationReference = D719725BAFFF9AB087923A68 /* Pods-SightCallAgent.release.xcconfig */;
			buildSettings = {
				ASSETCATALOG_COMPILER_APPICON_NAME = AppIconBeta;
				ASSETCATALOG_COMPILER_GLOBAL_ACCENT_COLOR_NAME = AccentColor;
				CODE_SIGN_ENTITLEMENTS = SightCallAgent/SightCallAgent.entitlements;
				CODE_SIGN_STYLE = Automatic;
				DEVELOPMENT_TEAM = WDH9UWSA4G;
				INFOPLIST_FILE = SightCallAgent/Info.plist;
				LD_RUNPATH_SEARCH_PATHS = (
					"$(inherited)",
					"@executable_path/Frameworks",
				);
				PRODUCT_BUNDLE_IDENTIFIER = com.sightcall.ios.SightCallAgent;
				PRODUCT_NAME = "$(TARGET_NAME)";
				SWIFT_VERSION = 5.0;
				TARGETED_DEVICE_FAMILY = "1,2";
			};
			name = Release;
		};
		9661BF572631F3AD004F69C6 /* Debug */ = {
			isa = XCBuildConfiguration;
			buildSettings = {
				ALWAYS_EMBED_SWIFT_STANDARD_LIBRARIES = YES;
				BUNDLE_LOADER = "$(TEST_HOST)";
				CODE_SIGN_STYLE = Automatic;
				DEVELOPMENT_TEAM = WDH9UWSA4G;
				INFOPLIST_FILE = SightCallAgentTests/Info.plist;
				IPHONEOS_DEPLOYMENT_TARGET = 14.5;
				LD_RUNPATH_SEARCH_PATHS = (
					"$(inherited)",
					"@executable_path/Frameworks",
					"@loader_path/Frameworks",
				);
				PRODUCT_BUNDLE_IDENTIFIER = com.sightcall.ios.SightCallAgentTests;
				PRODUCT_NAME = "$(TARGET_NAME)";
				SWIFT_VERSION = 5.0;
				TARGETED_DEVICE_FAMILY = "1,2";
				TEST_HOST = "$(BUILT_PRODUCTS_DIR)/SightCallAgent.app/SightCallAgent";
			};
			name = Debug;
		};
		9661BF582631F3AD004F69C6 /* Release */ = {
			isa = XCBuildConfiguration;
			buildSettings = {
				ALWAYS_EMBED_SWIFT_STANDARD_LIBRARIES = YES;
				BUNDLE_LOADER = "$(TEST_HOST)";
				CODE_SIGN_STYLE = Automatic;
				DEVELOPMENT_TEAM = WDH9UWSA4G;
				INFOPLIST_FILE = SightCallAgentTests/Info.plist;
				IPHONEOS_DEPLOYMENT_TARGET = 14.5;
				LD_RUNPATH_SEARCH_PATHS = (
					"$(inherited)",
					"@executable_path/Frameworks",
					"@loader_path/Frameworks",
				);
				PRODUCT_BUNDLE_IDENTIFIER = com.sightcall.ios.SightCallAgentTests;
				PRODUCT_NAME = "$(TARGET_NAME)";
				SWIFT_VERSION = 5.0;
				TARGETED_DEVICE_FAMILY = "1,2";
				TEST_HOST = "$(BUILT_PRODUCTS_DIR)/SightCallAgent.app/SightCallAgent";
			};
			name = Release;
		};
		9661BF5A2631F3AD004F69C6 /* Debug */ = {
			isa = XCBuildConfiguration;
			buildSettings = {
				ALWAYS_EMBED_SWIFT_STANDARD_LIBRARIES = YES;
				CODE_SIGN_STYLE = Automatic;
				DEVELOPMENT_TEAM = WDH9UWSA4G;
				INFOPLIST_FILE = SightCallAgentUITests/Info.plist;
				LD_RUNPATH_SEARCH_PATHS = (
					"$(inherited)",
					"@executable_path/Frameworks",
					"@loader_path/Frameworks",
				);
				PRODUCT_BUNDLE_IDENTIFIER = com.sightcall.ios.SightCallAgentUITests;
				PRODUCT_NAME = "$(TARGET_NAME)";
				SWIFT_VERSION = 5.0;
				TARGETED_DEVICE_FAMILY = "1,2";
				TEST_TARGET_NAME = SightCallAgent;
			};
			name = Debug;
		};
		9661BF5B2631F3AD004F69C6 /* Release */ = {
			isa = XCBuildConfiguration;
			buildSettings = {
				ALWAYS_EMBED_SWIFT_STANDARD_LIBRARIES = YES;
				CODE_SIGN_STYLE = Automatic;
				DEVELOPMENT_TEAM = WDH9UWSA4G;
				INFOPLIST_FILE = SightCallAgentUITests/Info.plist;
				LD_RUNPATH_SEARCH_PATHS = (
					"$(inherited)",
					"@executable_path/Frameworks",
					"@loader_path/Frameworks",
				);
				PRODUCT_BUNDLE_IDENTIFIER = com.sightcall.ios.SightCallAgentUITests;
				PRODUCT_NAME = "$(TARGET_NAME)";
				SWIFT_VERSION = 5.0;
				TARGETED_DEVICE_FAMILY = "1,2";
				TEST_TARGET_NAME = SightCallAgent;
			};
			name = Release;
		};
/* End XCBuildConfiguration section */

/* Begin XCConfigurationList section */
		9661BF242631F3AA004F69C6 /* Build configuration list for PBXProject "SightCallAgent" */ = {
			isa = XCConfigurationList;
			buildConfigurations = (
				9661BF512631F3AD004F69C6 /* Debug */,
				9661BF522631F3AD004F69C6 /* Release */,
			);
			defaultConfigurationIsVisible = 0;
			defaultConfigurationName = Release;
		};
		9661BF532631F3AD004F69C6 /* Build configuration list for PBXNativeTarget "SightCallAgent" */ = {
			isa = XCConfigurationList;
			buildConfigurations = (
				9661BF542631F3AD004F69C6 /* Debug */,
				9661BF552631F3AD004F69C6 /* Release */,
			);
			defaultConfigurationIsVisible = 0;
			defaultConfigurationName = Release;
		};
		9661BF562631F3AD004F69C6 /* Build configuration list for PBXNativeTarget "SightCallAgentTests" */ = {
			isa = XCConfigurationList;
			buildConfigurations = (
				9661BF572631F3AD004F69C6 /* Debug */,
				9661BF582631F3AD004F69C6 /* Release */,
			);
			defaultConfigurationIsVisible = 0;
			defaultConfigurationName = Release;
		};
		9661BF592631F3AD004F69C6 /* Build configuration list for PBXNativeTarget "SightCallAgentUITests" */ = {
			isa = XCConfigurationList;
			buildConfigurations = (
				9661BF5A2631F3AD004F69C6 /* Debug */,
				9661BF5B2631F3AD004F69C6 /* Release */,
			);
			defaultConfigurationIsVisible = 0;
			defaultConfigurationName = Release;
		};
/* End XCConfigurationList section */
	};
	rootObject = 9661BF212631F3AA004F69C6 /* Project object */;
}
